
Microsoft Visual Studio Solution File, Format Version 12.00
# Visual Studio Version 17
VisualStudioVersion = 17.10.35013.160
MinimumVisualStudioVersion = 10.0.40219.1
Project("{2150E333-8FDC-42A3-9474-1A3956D46DE8}") = "Core", "Core", "{270AE6E9-7F89-49D7-8AED-D0D129672685}"
EndProject
Project("{2150E333-8FDC-42A3-9474-1A3956D46DE8}") = "Infrastructure", "Infrastructure", "{342719A9-5433-4421-AD37-212E77AB0CB0}"
EndProject
Project("{2150E333-8FDC-42A3-9474-1A3956D46DE8}") = "Presentation", "Presentation", "{18E70299-1925-4696-BD4B-BAAAB2EF0A68}"
EndProject
Project("{9A19103F-16F7-4668-BE54-9A1E7A4F7556}") = "FuraAzAPI.Domain", "Core\FuraAzAPI.Domain\FuraAzAPI.Domain.csproj", "{3C5F4611-AEA8-4104-998E-39AA94E1C43D}"
EndProject
Project("{9A19103F-16F7-4668-BE54-9A1E7A4F7556}") = "FuraAzAPI.Application", "Core\FuraAzAPI.Application\FuraAzAPI.Application.csproj", "{A7F80B61-2085-4861-A579-827742DF9D14}"
EndProject
Project("{9A19103F-16F7-4668-BE54-9A1E7A4F7556}") = "FuraAzAPI.Infrastructure", "Infrastructure\FuraAzAPI.Infrastructure\FuraAzAPI.Infrastructure.csproj", "{12ABF062-1F31-4713-9B08-ED6ED577FDD3}"
EndProject
Project("{9A19103F-16F7-4668-BE54-9A1E7A4F7556}") = "FuraAzAPI.Persistence", "Infrastructure\FuraAzAPI.Persistence\FuraAzAPI.Persistence.csproj", "{877C01E3-2212-492F-9E39-E392E27152D5}"
EndProject
Project("{9A19103F-16F7-4668-BE54-9A1E7A4F7556}") = "FuraAzAPI.API", "Presentation\FuraAzAPI.API\FuraAzAPI.API.csproj", "{54F25126-BC18-43E1-B675-B5AEC81D3D80}"
EndProject
Project("{2150E333-8FDC-42A3-9474-1A3956D46DE8}") = "Solution Items", "Solution Items", "{AFBECE22-AC43-40A8-B23E-096AB45A37E5}"
	ProjectSection(SolutionItems) = preProject
		.editorconfig = .editorconfig
	EndProjectSection
EndProject
Global
	GlobalSection(SolutionConfigurationPlatforms) = preSolution
		Debug|Any CPU = Debug|Any CPU
		Release|Any CPU = Release|Any CPU
	EndGlobalSection
	GlobalSection(ProjectConfigurationPlatforms) = postSolution
		{3C5F4611-AEA8-4104-998E-39AA94E1C43D}.Debug|Any CPU.ActiveCfg = Debug|Any CPU
		{3C5F4611-AEA8-4104-998E-39AA94E1C43D}.Debug|Any CPU.Build.0 = Debug|Any CPU
		{3C5F4611-AEA8-4104-998E-39AA94E1C43D}.Release|Any CPU.ActiveCfg = Release|Any CPU
		{3C5F4611-AEA8-4104-998E-39AA94E1C43D}.Release|Any CPU.Build.0 = Release|Any CPU
		{A7F80B61-2085-4861-A579-827742DF9D14}.Debug|Any CPU.ActiveCfg = Debug|Any CPU
		{A7F80B61-2085-4861-A579-827742DF9D14}.Debug|Any CPU.Build.0 = Debug|Any CPU
		{A7F80B61-2085-4861-A579-827742DF9D14}.Release|Any CPU.ActiveCfg = Release|Any CPU
		{A7F80B61-2085-4861-A579-827742DF9D14}.Release|Any CPU.Build.0 = Release|Any CPU
		{12ABF062-1F31-4713-9B08-ED6ED577FDD3}.Debug|Any CPU.ActiveCfg = Debug|Any CPU
		{12ABF062-1F31-4713-9B08-ED6ED577FDD3}.Debug|Any CPU.Build.0 = Debug|Any CPU
		{12ABF062-1F31-4713-9B08-ED6ED577FDD3}.Release|Any CPU.ActiveCfg = Release|Any CPU
		{12ABF062-1F31-4713-9B08-ED6ED577FDD3}.Release|Any CPU.Build.0 = Release|Any CPU
		{877C01E3-2212-492F-9E39-E392E27152D5}.Debug|Any CPU.ActiveCfg = Debug|Any CPU
		{877C01E3-2212-492F-9E39-E392E27152D5}.Debug|Any CPU.Build.0 = Debug|Any CPU
		{877C01E3-2212-492F-9E39-E392E27152D5}.Release|Any CPU.ActiveCfg = Release|Any CPU
		{877C01E3-2212-492F-9E39-E392E27152D5}.Release|Any CPU.Build.0 = Release|Any CPU
		{54F25126-BC18-43E1-B675-B5AEC81D3D80}.Debug|Any CPU.ActiveCfg = Debug|Any CPU
		{54F25126-BC18-43E1-B675-B5AEC81D3D80}.Debug|Any CPU.Build.0 = Debug|Any CPU
		{54F25126-BC18-43E1-B675-B5AEC81D3D80}.Release|Any CPU.ActiveCfg = Release|Any CPU
		{54F25126-BC18-43E1-B675-B5AEC81D3D80}.Release|Any CPU.Build.0 = Release|Any CPU
	EndGlobalSection
	GlobalSection(SolutionProperties) = preSolution
		HideSolutionNode = FALSE
	EndGlobalSection
	GlobalSection(NestedProjects) = preSolution
		{3C5F4611-AEA8-4104-998E-39AA94E1C43D} = {270AE6E9-7F89-49D7-8AED-D0D129672685}
		{A7F80B61-2085-4861-A579-827742DF9D14} = {270AE6E9-7F89-49D7-8AED-D0D129672685}
		{12ABF062-1F31-4713-9B08-ED6ED577FDD3} = {342719A9-5433-4421-AD37-212E77AB0CB0}
		{877C01E3-2212-492F-9E39-E392E27152D5} = {342719A9-5433-4421-AD37-212E77AB0CB0}
		{54F25126-BC18-43E1-B675-B5AEC81D3D80} = {18E70299-1925-4696-BD4B-BAAAB2EF0A68}
	EndGlobalSection
	GlobalSection(ExtensibilityGlobals) = postSolution
		SolutionGuid = {5FAF249D-C5B7-4096-8F4A-6C872F1A2C20}
	EndGlobalSection
EndGlobal
